
Microsoft Visual Studio Solution File, Format Version 12.00
# Visual Studio 2012
Project("{FAE04EC0-301F-11D3-BF4B-00C04F79EFBC}") = "IPEndPointSample", "IPEndPointSample\IPEndPointSample.csproj", "{A32CCD4E-EB29-4C1C-834B-BCF2FF02BB1D}"
EndProject
Global
	GlobalSection(SolutionConfigurationPlatforms) = preSolution
		Debug|Any CPU = Debug|Any CPU
		Release|Any CPU = Release|Any CPU
	EndGlobalSection
	GlobalSection(ProjectConfigurationPlatforms) = postSolution
		{A32CCD4E-EB29-4C1C-834B-BCF2FF02BB1D}.Debug|Any CPU.ActiveCfg = Debug|Any CPU
		{A32CCD4E-EB29-4C1C-834B-BCF2FF02BB1D}.Debug|Any CPU.Build.0 = Debug|Any CPU
		{A32CCD4E-EB29-4C1C-834B-BCF2FF02BB1D}.Release|Any CPU.ActiveCfg = Release|Any CPU
		{A32CCD4E-EB29-4C1C-834B-BCF2FF02BB1D}.Release|Any CPU.Build.0 = Release|Any CPU
	EndGlobalSection
	GlobalSection(SolutionProperties) = preSolution
		HideSolutionNode = FALSE
	EndGlobalSection
EndGlobal
